{
  "name": "pongbot",
  "version": "0.9.0",
  "dependencies": {
    "body-parser": {
      "version": "1.12.3",
      "from": "body-parser@",
      "resolved": "https://registry.npmjs.org/body-parser/-/body-parser-1.12.3.tgz",
      "dependencies": {
        "bytes": {
          "version": "1.0.0",
          "from": "bytes@1.0.0",
          "resolved": "https://registry.npmjs.org/bytes/-/bytes-1.0.0.tgz"
        },
        "content-type": {
          "version": "1.0.1",
          "from": "content-type@~1.0.1",
          "resolved": "https://registry.npmjs.org/content-type/-/content-type-1.0.1.tgz"
        },
        "debug": {
          "version": "2.1.3",
          "from": "debug@~2.1.3",
          "resolved": "https://registry.npmjs.org/debug/-/debug-2.1.3.tgz",
          "dependencies": {
            "ms": {
              "version": "0.7.0",
              "from": "ms@0.7.0",
              "resolved": "https://registry.npmjs.org/ms/-/ms-0.7.0.tgz"
            }
          }
        },
        "depd": {
          "version": "1.0.1",
          "from": "depd@~1.0.0",
          "resolved": "https://registry.npmjs.org/depd/-/depd-1.0.1.tgz"
        },
        "iconv-lite": {
          "version": "0.4.8",
          "from": "iconv-lite@0.4.8",
          "resolved": "https://registry.npmjs.org/iconv-lite/-/iconv-lite-0.4.8.tgz"
        },
        "on-finished": {
          "version": "2.2.0",
          "from": "on-finished@~2.2.0",
          "resolved": "https://registry.npmjs.org/on-finished/-/on-finished-2.2.0.tgz",
          "dependencies": {
            "ee-first": {
              "version": "1.1.0",
              "from": "ee-first@1.1.0",
              "resolved": "https://registry.npmjs.org/ee-first/-/ee-first-1.1.0.tgz"
            }
          }
        },
        "qs": {
          "version": "2.4.1",
          "from": "qs@2.4.1",
          "resolved": "https://registry.npmjs.org/qs/-/qs-2.4.1.tgz"
        },
        "raw-body": {
          "version": "1.3.4",
          "from": "raw-body@1.3.4",
          "resolved": "https://registry.npmjs.org/raw-body/-/raw-body-1.3.4.tgz"
        },
        "type-is": {
          "version": "1.6.1",
          "from": "type-is@~1.6.1",
          "resolved": "https://registry.npmjs.org/type-is/-/type-is-1.6.1.tgz",
          "dependencies": {
            "media-typer": {
              "version": "0.3.0",
              "from": "media-typer@0.3.0",
              "resolved": "https://registry.npmjs.org/media-typer/-/media-typer-0.3.0.tgz"
            },
            "mime-types": {
              "version": "2.0.10",
              "from": "mime-types@~2.0.10",
              "resolved": "https://registry.npmjs.org/mime-types/-/mime-types-2.0.10.tgz",
              "dependencies": {
                "mime-db": {
                  "version": "1.8.0",
                  "from": "mime-db@~1.8.0",
                  "resolved": "https://registry.npmjs.org/mime-db/-/mime-db-1.8.0.tgz"
                }
              }
            }
          }
        }
      }
    },
    "express": {
      "version": "4.12.3",
      "from": "express@^4.10.6",
      "resolved": "https://registry.npmjs.org/express/-/express-4.12.3.tgz",
      "dependencies": {
        "accepts": {
          "version": "1.2.5",
          "from": "accepts@~1.2.5",
          "resolved": "https://registry.npmjs.org/accepts/-/accepts-1.2.5.tgz",
          "dependencies": {
            "mime-types": {
              "version": "2.0.10",
              "from": "mime-types@~2.0.10",
              "resolved": "https://registry.npmjs.org/mime-types/-/mime-types-2.0.10.tgz",
              "dependencies": {
                "mime-db": {
                  "version": "1.8.0",
                  "from": "mime-db@~1.8.0",
                  "resolved": "https://registry.npmjs.org/mime-db/-/mime-db-1.8.0.tgz"
                }
              }
            },
            "negotiator": {
              "version": "0.5.1",
              "from": "negotiator@0.5.1",
              "resolved": "https://registry.npmjs.org/negotiator/-/negotiator-0.5.1.tgz"
            }
          }
        },
        "content-disposition": {
          "version": "0.5.0",
          "from": "content-disposition@0.5.0",
          "resolved": "https://registry.npmjs.org/content-disposition/-/content-disposition-0.5.0.tgz"
        },
        "content-type": {
          "version": "1.0.1",
          "from": "content-type@~1.0.1",
          "resolved": "https://registry.npmjs.org/content-type/-/content-type-1.0.1.tgz"
        },
        "cookie": {
          "version": "0.1.2",
          "from": "cookie@0.1.2",
          "resolved": "https://registry.npmjs.org/cookie/-/cookie-0.1.2.tgz"
        },
        "cookie-signature": {
          "version": "1.0.6",
          "from": "cookie-signature@1.0.6",
          "resolved": "https://registry.npmjs.org/cookie-signature/-/cookie-signature-1.0.6.tgz"
        },
        "debug": {
          "version": "2.1.3",
          "from": "debug@~2.1.3",
          "resolved": "https://registry.npmjs.org/debug/-/debug-2.1.3.tgz",
          "dependencies": {
            "ms": {
              "version": "0.7.0",
              "from": "ms@0.7.0",
              "resolved": "https://registry.npmjs.org/ms/-/ms-0.7.0.tgz"
            }
          }
        },
        "depd": {
          "version": "1.0.1",
          "from": "depd@~1.0.0",
          "resolved": "https://registry.npmjs.org/depd/-/depd-1.0.1.tgz"
        },
        "escape-html": {
          "version": "1.0.1",
          "from": "escape-html@1.0.1",
          "resolved": "https://registry.npmjs.org/escape-html/-/escape-html-1.0.1.tgz"
        },
        "etag": {
          "version": "1.5.1",
          "from": "etag@~1.5.1",
          "resolved": "https://registry.npmjs.org/etag/-/etag-1.5.1.tgz",
          "dependencies": {
            "crc": {
              "version": "3.2.1",
              "from": "crc@3.2.1",
              "resolved": "https://registry.npmjs.org/crc/-/crc-3.2.1.tgz"
            }
          }
        },
        "finalhandler": {
          "version": "0.3.4",
          "from": "finalhandler@0.3.4",
          "resolved": "https://registry.npmjs.org/finalhandler/-/finalhandler-0.3.4.tgz"
        },
        "fresh": {
          "version": "0.2.4",
          "from": "fresh@0.2.4",
          "resolved": "https://registry.npmjs.org/fresh/-/fresh-0.2.4.tgz"
        },
        "merge-descriptors": {
          "version": "1.0.0",
          "from": "merge-descriptors@1.0.0",
          "resolved": "https://registry.npmjs.org/merge-descriptors/-/merge-descriptors-1.0.0.tgz"
        },
        "methods": {
          "version": "1.1.1",
          "from": "methods@~1.1.1",
          "resolved": "https://registry.npmjs.org/methods/-/methods-1.1.1.tgz"
        },
        "on-finished": {
          "version": "2.2.0",
          "from": "on-finished@~2.2.0",
          "resolved": "https://registry.npmjs.org/on-finished/-/on-finished-2.2.0.tgz",
          "dependencies": {
            "ee-first": {
              "version": "1.1.0",
              "from": "ee-first@1.1.0",
              "resolved": "https://registry.npmjs.org/ee-first/-/ee-first-1.1.0.tgz"
            }
          }
        },
        "parseurl": {
          "version": "1.3.0",
          "from": "parseurl@~1.3.0",
          "resolved": "https://registry.npmjs.org/parseurl/-/parseurl-1.3.0.tgz"
        },
        "path-to-regexp": {
          "version": "0.1.3",
          "from": "path-to-regexp@0.1.3",
          "resolved": "https://registry.npmjs.org/path-to-regexp/-/path-to-regexp-0.1.3.tgz"
        },
        "proxy-addr": {
          "version": "1.0.7",
          "from": "proxy-addr@~1.0.7",
          "resolved": "https://registry.npmjs.org/proxy-addr/-/proxy-addr-1.0.7.tgz",
          "dependencies": {
            "forwarded": {
              "version": "0.1.0",
              "from": "forwarded@~0.1.0",
              "resolved": "https://registry.npmjs.org/forwarded/-/forwarded-0.1.0.tgz"
            },
            "ipaddr.js": {
              "version": "0.1.9",
              "from": "ipaddr.js@0.1.9",
              "resolved": "https://registry.npmjs.org/ipaddr.js/-/ipaddr.js-0.1.9.tgz"
            }
          }
        },
        "qs": {
          "version": "2.4.1",
          "from": "qs@2.4.1",
          "resolved": "https://registry.npmjs.org/qs/-/qs-2.4.1.tgz"
        },
        "range-parser": {
          "version": "1.0.2",
          "from": "range-parser@~1.0.2",
          "resolved": "https://registry.npmjs.org/range-parser/-/range-parser-1.0.2.tgz"
        },
        "send": {
          "version": "0.12.2",
          "from": "send@0.12.2",
          "resolved": "https://registry.npmjs.org/send/-/send-0.12.2.tgz",
          "dependencies": {
            "destroy": {
              "version": "1.0.3",
              "from": "destroy@1.0.3",
              "resolved": "https://registry.npmjs.org/destroy/-/destroy-1.0.3.tgz"
            },
            "mime": {
              "version": "1.3.4",
              "from": "mime@1.3.4",
              "resolved": "https://registry.npmjs.org/mime/-/mime-1.3.4.tgz"
            },
            "ms": {
              "version": "0.7.0",
              "from": "ms@0.7.0",
              "resolved": "https://registry.npmjs.org/ms/-/ms-0.7.0.tgz"
            }
          }
        },
        "serve-static": {
          "version": "1.9.2",
          "from": "serve-static@~1.9.2",
          "resolved": "https://registry.npmjs.org/serve-static/-/serve-static-1.9.2.tgz"
        },
        "type-is": {
          "version": "1.6.1",
          "from": "type-is@~1.6.1",
          "resolved": "https://registry.npmjs.org/type-is/-/type-is-1.6.1.tgz",
          "dependencies": {
            "media-typer": {
              "version": "0.3.0",
              "from": "media-typer@0.3.0",
              "resolved": "https://registry.npmjs.org/media-typer/-/media-typer-0.3.0.tgz"
            },
            "mime-types": {
              "version": "2.0.10",
              "from": "mime-types@~2.0.10",
              "resolved": "https://registry.npmjs.org/mime-types/-/mime-types-2.0.10.tgz",
              "dependencies": {
                "mime-db": {
                  "version": "1.8.0",
                  "from": "mime-db@~1.8.0",
                  "resolved": "https://registry.npmjs.org/mime-db/-/mime-db-1.8.0.tgz"
                }
              }
            }
          }
        },
        "vary": {
          "version": "1.0.0",
          "from": "vary@~1.0.0",
          "resolved": "https://registry.npmjs.org/vary/-/vary-1.0.0.tgz"
        },
        "utils-merge": {
          "version": "1.0.0",
          "from": "utils-merge@1.0.0",
          "resolved": "https://registry.npmjs.org/utils-merge/-/utils-merge-1.0.0.tgz"
        }
      }
    },
    "express-hal": {
      "version": "0.0.1",
      "from": "express-hal@",
      "resolved": "https://registry.npmjs.org/express-hal/-/express-hal-0.0.1.tgz",
      "dependencies": {
        "lodash": {
          "version": "0.8.2",
          "from": "lodash@~0.8.2",
          "resolved": "https://registry.npmjs.org/lodash/-/lodash-0.8.2.tgz"
        }
      }
    },
    "mongoose": {
      "version": "4.0.1",
      "from": "mongoose@",
      "resolved": "https://registry.npmjs.org/mongoose/-/mongoose-4.0.1.tgz",
      "dependencies": {
        "hooks-fixed": {
          "version": "1.0.1",
          "from": "hooks-fixed@1.0.1",
          "resolved": "https://registry.npmjs.org/hooks-fixed/-/hooks-fixed-1.0.1.tgz"
        },
        "mongodb": {
          "version": "2.0.24",
          "from": "mongodb@2.0.24",
          "resolved": "https://registry.npmjs.org/mongodb/-/mongodb-2.0.24.tgz",
          "dependencies": {
            "mongodb-core": {
              "version": "1.1.20",
              "from": "mongodb-core@1.1.20",
              "resolved": "https://registry.npmjs.org/mongodb-core/-/mongodb-core-1.1.20.tgz",
              "dependencies": {
                "bson": {
                  "version": "0.2.21",
                  "from": "bson@~0.2",
                  "resolved": "https://registry.npmjs.org/bson/-/bson-0.2.21.tgz",
                  "dependencies": {
                    "nan": {
                      "version": "1.7.0",
                      "from": "nan@1.7.0",
                      "resolved": "https://registry.npmjs.org/nan/-/nan-1.7.0.tgz"
                    }
                  }
                },
                "mkdirp": {
                  "version": "0.5.0",
                  "from": "mkdirp@0.5.0",
                  "resolved": "https://registry.npmjs.org/mkdirp/-/mkdirp-0.5.0.tgz",
                  "dependencies": {
                    "minimist": {
                      "version": "0.0.8",
                      "from": "minimist@0.0.8",
                      "resolved": "https://registry.npmjs.org/minimist/-/minimist-0.0.8.tgz"
                    }
                  }
                },
                "rimraf": {
                  "version": "2.2.6",
                  "from": "rimraf@2.2.6",
                  "resolved": "https://registry.npmjs.org/rimraf/-/rimraf-2.2.6.tgz"
                },
                "kerberos": {
                  "version": "0.0.10",
                  "from": "kerberos@~0.0",
                  "resolved": "https://registry.npmjs.org/kerberos/-/kerberos-0.0.10.tgz",
                  "dependencies": {
                    "nan": {
                      "version": "1.7.0",
                      "from": "nan@1.7.0",
                      "resolved": "https://registry.npmjs.org/nan/-/nan-1.7.0.tgz"
                    }
                  }
                }
              }
            },
            "readable-stream": {
              "version": "1.0.31",
              "from": "readable-stream@1.0.31",
              "dependencies": {
                "core-util-is": {
                  "version": "1.0.1",
                  "from": "core-util-is@~1.0.0",
                  "resolved": "https://registry.npmjs.org/core-util-is/-/core-util-is-1.0.1.tgz"
                },
                "isarray": {
                  "version": "0.0.1",
                  "from": "isarray@0.0.1",
                  "resolved": "https://registry.npmjs.org/isarray/-/isarray-0.0.1.tgz"
                },
                "string_decoder": {
                  "version": "0.10.31",
                  "from": "string_decoder@~0.10.x",
                  "resolved": "https://registry.npmjs.org/string_decoder/-/string_decoder-0.10.31.tgz"
                },
                "inherits": {
                  "version": "2.0.1",
                  "from": "inherits@~2.0.1",
                  "resolved": "https://registry.npmjs.org/inherits/-/inherits-2.0.1.tgz"
                }
              }
            }
          }
        },
        "ms": {
          "version": "0.1.0",
          "from": "ms@0.1.0"
        },
        "sliced": {
          "version": "0.0.5",
          "from": "sliced@0.0.5",
          "resolved": "https://registry.npmjs.org/sliced/-/sliced-0.0.5.tgz"
        },
        "muri": {
          "version": "1.0.0",
          "from": "muri@1.0.0",
          "resolved": "https://registry.npmjs.org/muri/-/muri-1.0.0.tgz"
        },
        "mpromise": {
          "version": "0.5.4",
          "from": "mpromise@0.5.4",
          "resolved": "https://registry.npmjs.org/mpromise/-/mpromise-0.5.4.tgz"
        },
        "mpath": {
          "version": "0.1.1",
          "from": "mpath@0.1.1",
          "resolved": "https://registry.npmjs.org/mpath/-/mpath-0.1.1.tgz"
        },
        "kareem": {
          "version": "1.0.0",
          "from": "kareem@1.0.0",
          "resolved": "https://registry.npmjs.org/kareem/-/kareem-1.0.0.tgz"
        },
        "regexp-clone": {
          "version": "0.0.1",
          "from": "regexp-clone@0.0.1",
          "resolved": "https://registry.npmjs.org/regexp-clone/-/regexp-clone-0.0.1.tgz"
        },
        "mquery": {
          "version": "1.4.0",
          "from": "mquery@1.4.0",
          "resolved": "https://registry.npmjs.org/mquery/-/mquery-1.4.0.tgz",
          "dependencies": {
            "bluebird": {
              "version": "2.3.2",
              "from": "bluebird@2.3.2",
              "resolved": "https://registry.npmjs.org/bluebird/-/bluebird-2.3.2.tgz"
            },
            "debug": {
              "version": "0.7.4",
              "from": "debug@0.7.4",
              "resolved": "https://registry.npmjs.org/debug/-/debug-0.7.4.tgz"
            }
          }
        },
        "async": {
          "version": "0.9.0",
          "from": "async@0.9.0",
          "resolved": "https://registry.npmjs.org/async/-/async-0.9.0.tgz"
        }
      }
    },
    "mongoose-pages": {
      "version": "0.0.3",
      "from": "mongoose-pages@",
      "resolved": "https://registry.npmjs.org/mongoose-pages/-/mongoose-pages-0.0.3.tgz"
    },
    "node-slack": {
      "version": "0.0.5",
      "from": "node-slack@^0.0.5",
      "resolved": "https://registry.npmjs.org/node-slack/-/node-slack-0.0.5.tgz",
      "dependencies": {
        "deferred": {
          "version": "0.7.1",
          "from": "deferred@0.7.1",
          "resolved": "https://registry.npmjs.org/deferred/-/deferred-0.7.1.tgz",
          "dependencies": {
            "es5-ext": {
              "version": "0.10.6",
              "from": "es5-ext@~0.10.2",
              "resolved": "https://registry.npmjs.org/es5-ext/-/es5-ext-0.10.6.tgz",
              "dependencies": {
                "es6-iterator": {
                  "version": "0.1.3",
                  "from": "es6-iterator@~0.1.3",
                  "resolved": "https://registry.npmjs.org/es6-iterator/-/es6-iterator-0.1.3.tgz"
                },
                "es6-symbol": {
                  "version": "2.0.1",
                  "from": "es6-symbol@~2.0.1",
                  "resolved": "https://registry.npmjs.org/es6-symbol/-/es6-symbol-2.0.1.tgz"
                }
              }
            },
            "event-emitter": {
              "version": "0.3.3",
              "from": "event-emitter@~0.3.1",
              "resolved": "https://registry.npmjs.org/event-emitter/-/event-emitter-0.3.3.tgz"
            },
            "d": {
              "version": "0.1.1",
              "from": "d@~0.1.1",
              "resolved": "https://registry.npmjs.org/d/-/d-0.1.1.tgz"
            },
            "next-tick": {
              "version": "0.2.2",
              "from": "next-tick@~0.2.2",
              "resolved": "https://registry.npmjs.org/next-tick/-/next-tick-0.2.2.tgz"
            }
          }
        }
      }
    },
    "pluralize": {
      "version": "1.1.2",
      "from": "pluralize@",
      "resolved": "https://registry.npmjs.org/pluralize/-/pluralize-1.1.2.tgz"
    },
    "q": {
      "version": "1.2.0",
      "from": "q@",
      "resolved": "https://registry.npmjs.org/q/-/q-1.2.0.tgz"
    },
    "request": {
      "version": "2.55.0",
      "from": "request@",
      "resolved": "https://registry.npmjs.org/request/-/request-2.55.0.tgz",
      "dependencies": {
        "bl": {
          "version": "0.9.4",
          "from": "bl@~0.9.0",
          "resolved": "https://registry.npmjs.org/bl/-/bl-0.9.4.tgz",
          "dependencies": {
            "readable-stream": {
              "version": "1.0.33",
              "from": "readable-stream@~1.0.26",
              "resolved": "https://registry.npmjs.org/readable-stream/-/readable-stream-1.0.33.tgz",
              "dependencies": {
                "core-util-is": {
                  "version": "1.0.1",
                  "from": "core-util-is@~1.0.0",
                  "resolved": "https://registry.npmjs.org/core-util-is/-/core-util-is-1.0.1.tgz"
                },
                "isarray": {
                  "version": "0.0.1",
                  "from": "isarray@0.0.1",
                  "resolved": "https://registry.npmjs.org/isarray/-/isarray-0.0.1.tgz"
                },
                "string_decoder": {
                  "version": "0.10.31",
                  "from": "string_decoder@~0.10.x",
                  "resolved": "https://registry.npmjs.org/string_decoder/-/string_decoder-0.10.31.tgz"
                },
                "inherits": {
                  "version": "2.0.1",
                  "from": "inherits@~2.0.1",
                  "resolved": "https://registry.npmjs.org/inherits/-/inherits-2.0.1.tgz"
                }
              }
            }
          }
        },
        "caseless": {
          "version": "0.9.0",
          "from": "caseless@~0.9.0",
          "resolved": "https://registry.npmjs.org/caseless/-/caseless-0.9.0.tgz"
        },
        "forever-agent": {
          "version": "0.6.1",
          "from": "forever-agent@~0.6.0",
          "resolved": "https://registry.npmjs.org/forever-agent/-/forever-agent-0.6.1.tgz"
        },
        "form-data": {
          "version": "0.2.0",
          "from": "form-data@~0.2.0",
          "resolved": "https://registry.npmjs.org/form-data/-/form-data-0.2.0.tgz",
          "dependencies": {
            "async": {
              "version": "0.9.0",
              "from": "async@~0.9.0",
              "resolved": "https://registry.npmjs.org/async/-/async-0.9.0.tgz"
            }
          }
        },
        "json-stringify-safe": {
          "version": "5.0.0",
          "from": "json-stringify-safe@~5.0.0"
        },
        "mime-types": {
          "version": "2.0.10",
          "from": "mime-types@~2.0.10",
          "resolved": "https://registry.npmjs.org/mime-types/-/mime-types-2.0.10.tgz",
          "dependencies": {
            "mime-db": {
              "version": "1.8.0",
              "from": "mime-db@~1.8.0",
              "resolved": "https://registry.npmjs.org/mime-db/-/mime-db-1.8.0.tgz"
            }
          }
        },
        "node-uuid": {
          "version": "1.4.3",
          "from": "node-uuid@~1.4.0",
          "resolved": "https://registry.npmjs.org/node-uuid/-/node-uuid-1.4.3.tgz"
        },
        "qs": {
          "version": "2.4.1",
          "from": "qs@~2.4.0",
          "resolved": "https://registry.npmjs.org/qs/-/qs-2.4.1.tgz"
        },
        "tunnel-agent": {
          "version": "0.4.0",
          "from": "tunnel-agent@~0.4.0"
        },
        "tough-cookie": {
          "version": "0.12.1",
          "from": "tough-cookie@>=0.12.0",
          "dependencies": {
            "punycode": {
              "version": "1.3.2",
              "from": "punycode@>=0.2.0",
              "resolved": "https://registry.npmjs.org/punycode/-/punycode-1.3.2.tgz"
            }
          }
        },
        "http-signature": {
          "version": "0.10.1",
          "from": "http-signature@~0.10.0",
          "resolved": "https://registry.npmjs.org/http-signature/-/http-signature-0.10.1.tgz",
          "dependencies": {
            "assert-plus": {
              "version": "0.1.5",
              "from": "assert-plus@^0.1.5",
              "resolved": "https://registry.npmjs.org/assert-plus/-/assert-plus-0.1.5.tgz"
            },
            "asn1": {
              "version": "0.1.11",
              "from": "asn1@0.1.11",
              "resolved": "https://registry.npmjs.org/asn1/-/asn1-0.1.11.tgz"
            },
            "ctype": {
              "version": "0.5.3",
              "from": "ctype@0.5.3",
              "resolved": "https://registry.npmjs.org/ctype/-/ctype-0.5.3.tgz"
            }
          }
        },
        "oauth-sign": {
          "version": "0.6.0",
          "from": "oauth-sign@~0.6.0",
          "resolved": "https://registry.npmjs.org/oauth-sign/-/oauth-sign-0.6.0.tgz"
        },
        "hawk": {
          "version": "2.3.1",
          "from": "hawk@~2.3.0",
          "resolved": "https://registry.npmjs.org/hawk/-/hawk-2.3.1.tgz",
          "dependencies": {
            "hoek": {
              "version": "2.12.0",
              "from": "hoek@2.x.x",
              "resolved": "https://registry.npmjs.org/hoek/-/hoek-2.12.0.tgz"
            },
            "boom": {
              "version": "2.7.1",
              "from": "boom@2.x.x",
              "resolved": "https://registry.npmjs.org/boom/-/boom-2.7.1.tgz"
            },
            "cryptiles": {
              "version": "2.0.4",
              "from": "cryptiles@2.x.x",
              "resolved": "https://registry.npmjs.org/cryptiles/-/cryptiles-2.0.4.tgz"
            },
            "sntp": {
              "version": "1.0.9",
              "from": "sntp@1.x.x",
              "resolved": "https://registry.npmjs.org/sntp/-/sntp-1.0.9.tgz"
            }
          }
        },
        "aws-sign2": {
          "version": "0.5.0",
          "from": "aws-sign2@~0.5.0"
        },
        "stringstream": {
          "version": "0.0.4",
          "from": "stringstream@~0.0.4"
        },
        "combined-stream": {
          "version": "0.0.7",
          "from": "combined-stream@~0.0.5",
          "resolved": "https://registry.npmjs.org/combined-stream/-/combined-stream-0.0.7.tgz",
          "dependencies": {
            "delayed-stream": {
              "version": "0.0.5",
              "from": "delayed-stream@0.0.5",
              "resolved": "https://registry.npmjs.org/delayed-stream/-/delayed-stream-0.0.5.tgz"
            }
          }
        },
        "isstream": {
          "version": "0.1.2",
          "from": "isstream@~0.1.1",
          "resolved": "https://registry.npmjs.org/isstream/-/isstream-0.1.2.tgz"
        },
        "har-validator": {
          "version": "1.6.1",
          "from": "har-validator@^1.4.0",
          "resolved": "https://registry.npmjs.org/har-validator/-/har-validator-1.6.1.tgz",
          "dependencies": {
            "bluebird": {
              "version": "2.9.24",
              "from": "bluebird@^2.9.21",
              "resolved": "https://registry.npmjs.org/bluebird/-/bluebird-2.9.24.tgz"
            },
            "chalk": {
              "version": "1.0.0",
              "from": "chalk@^1.0.0",
              "resolved": "https://registry.npmjs.org/chalk/-/chalk-1.0.0.tgz",
              "dependencies": {
                "ansi-styles": {
                  "version": "2.0.1",
                  "from": "ansi-styles@^2.0.1",
                  "resolved": "https://registry.npmjs.org/ansi-styles/-/ansi-styles-2.0.1.tgz"
                },
                "escape-string-regexp": {
                  "version": "1.0.3",
                  "from": "escape-string-regexp@^1.0.2",
                  "resolved": "https://registry.npmjs.org/escape-string-regexp/-/escape-string-regexp-1.0.3.tgz"
                },
                "has-ansi": {
                  "version": "1.0.3",
                  "from": "has-ansi@^1.0.3",
                  "resolved": "https://registry.npmjs.org/has-ansi/-/has-ansi-1.0.3.tgz",
                  "dependencies": {
                    "ansi-regex": {
                      "version": "1.1.1",
                      "from": "ansi-regex@^1.1.0",
                      "resolved": "https://registry.npmjs.org/ansi-regex/-/ansi-regex-1.1.1.tgz"
                    },
                    "get-stdin": {
                      "version": "4.0.1",
                      "from": "get-stdin@^4.0.1",
                      "resolved": "https://registry.npmjs.org/get-stdin/-/get-stdin-4.0.1.tgz"
                    }
                  }
                },
                "strip-ansi": {
                  "version": "2.0.1",
                  "from": "strip-ansi@^2.0.1",
                  "resolved": "https://registry.npmjs.org/strip-ansi/-/strip-ansi-2.0.1.tgz",
                  "dependencies": {
                    "ansi-regex": {
                      "version": "1.1.1",
                      "from": "ansi-regex@^1.1.0",
                      "resolved": "https://registry.npmjs.org/ansi-regex/-/ansi-regex-1.1.1.tgz"
                    }
                  }
                },
                "supports-color": {
                  "version": "1.3.1",
                  "from": "supports-color@^1.3.0",
                  "resolved": "https://registry.npmjs.org/supports-color/-/supports-color-1.3.1.tgz"
                }
              }
            },
            "commander": {
              "version": "2.8.0",
              "from": "commander@^2.7.1",
              "resolved": "https://registry.npmjs.org/commander/-/commander-2.8.0.tgz",
              "dependencies": {
                "graceful-readlink": {
                  "version": "1.0.1",
                  "from": "graceful-readlink@>= 1.0.0",
                  "resolved": "https://registry.npmjs.org/graceful-readlink/-/graceful-readlink-1.0.1.tgz"
                }
              }
            },
            "is-my-json-valid": {
              "version": "2.10.1",
              "from": "is-my-json-valid@^2.10.0",
              "resolved": "https://registry.npmjs.org/is-my-json-valid/-/is-my-json-valid-2.10.1.tgz",
              "dependencies": {
                "generate-function": {
                  "version": "2.0.0",
                  "from": "generate-function@^2.0.0",
                  "resolved": "https://registry.npmjs.org/generate-function/-/generate-function-2.0.0.tgz"
                },
                "generate-object-property": {
                  "version": "1.1.1",
                  "from": "generate-object-property@^1.1.0",
                  "resolved": "https://registry.npmjs.org/generate-object-property/-/generate-object-property-1.1.1.tgz",
                  "dependencies": {
                    "is-property": {
                      "version": "1.0.2",
                      "from": "is-property@^1.0.0",
                      "resolved": "https://registry.npmjs.org/is-property/-/is-property-1.0.2.tgz"
                    }
                  }
                },
                "jsonpointer": {
                  "version": "1.1.0",
                  "from": "jsonpointer@^1.1.0",
                  "resolved": "https://registry.npmjs.org/jsonpointer/-/jsonpointer-1.1.0.tgz"
                },
                "xtend": {
                  "version": "4.0.0",
                  "from": "xtend@^4.0.0",
                  "resolved": "https://registry.npmjs.org/xtend/-/xtend-4.0.0.tgz"
                }
              }
            }
          }
        }
      }
    },
    "underscore": {
      "version": "1.8.3",
      "from": "underscore@",
      "resolved": "https://registry.npmjs.org/underscore/-/underscore-1.8.3.tgz"
    }
  }
}
